
Microsoft Visual Studio Solution File, Format Version 12.00
# Visual Studio Version 17
VisualStudioVersion = 17.3.32922.545
MinimumVisualStudioVersion = 10.0.40219.1
Project("{FAE04EC0-301F-11D3-BF4B-00C04F79EFBC}") = "autoemail sender", "autoemail sender\autoemail sender.csproj", "{F020C783-F067-4338-9B2D-3375CACC88D8}"
EndProject
Global
	GlobalSection(SolutionConfigurationPlatforms) = preSolution
		Debug|Any CPU = Debug|Any CPU
		Release|Any CPU = Release|Any CPU
	EndGlobalSection
	GlobalSection(ProjectConfigurationPlatforms) = postSolution
		{F020C783-F067-4338-9B2D-3375CACC88D8}.Debug|Any CPU.ActiveCfg = Debug|Any CPU
		{F020C783-F067-4338-9B2D-3375CACC88D8}.Debug|Any CPU.Build.0 = Debug|Any CPU
		{F020C783-F067-4338-9B2D-3375CACC88D8}.Release|Any CPU.ActiveCfg = Release|Any CPU
		{F020C783-F067-4338-9B2D-3375CACC88D8}.Release|Any CPU.Build.0 = Release|Any CPU
	EndGlobalSection
	GlobalSection(SolutionProperties) = preSolution
		HideSolutionNode = FALSE
	EndGlobalSection
	GlobalSection(ExtensibilityGlobals) = postSolution
		SolutionGuid = {FC2BC916-3A69-4033-8A9E-F86B46B98D0F}
	EndGlobalSection
EndGlobal
